
Microsoft Visual Studio Solution File, Format Version 12.00
# Visual Studio Version 17
VisualStudioVersion = 17.5.33502.453
MinimumVisualStudioVersion = 10.0.40219.1
Project("{FAE04EC0-301F-11D3-BF4B-00C04F79EFBC}") = "PrinceHairBot", "PrinceHairBot\PrinceHairBot.csproj", "{F279ACE0-F159-4D63-B470-F0E8C484F320}"
EndProject
Global
	GlobalSection(SolutionConfigurationPlatforms) = preSolution
		Debug|Any CPU = Debug|Any CPU
		Release|Any CPU = Release|Any CPU
	EndGlobalSection
	GlobalSection(ProjectConfigurationPlatforms) = postSolution
		{F279ACE0-F159-4D63-B470-F0E8C484F320}.Debug|Any CPU.ActiveCfg = Debug|Any CPU
		{F279ACE0-F159-4D63-B470-F0E8C484F320}.Debug|Any CPU.Build.0 = Debug|Any CPU
		{F279ACE0-F159-4D63-B470-F0E8C484F320}.Release|Any CPU.ActiveCfg = Release|Any CPU
		{F279ACE0-F159-4D63-B470-F0E8C484F320}.Release|Any CPU.Build.0 = Release|Any CPU
	EndGlobalSection
	GlobalSection(SolutionProperties) = preSolution
		HideSolutionNode = FALSE
	EndGlobalSection
	GlobalSection(ExtensibilityGlobals) = postSolution
		SolutionGuid = {F549F3BD-E627-44A8-89F9-3529520B9892}
	EndGlobalSection
EndGlobal
